// !$*UTF8*$!
{
	archiveVersion = 1;
	classes = {
	};
	objectVersion = 46;
	objects = {

/* Begin PBXBuildFile section */
		06A78FD3F2F1FE7DC153EB7D /* Pods_Social_Media_App.framework in Frameworks */ = {isa = PBXBuildFile; fileRef = 8BC66CD725CD74D7E054FFC0 /* Pods_Social_Media_App.framework */; };
		F60A245A1E747EC80096918A /* PostCell.swift in Sources */ = {isa = PBXBuildFile; fileRef = F60A24591E747EC80096918A /* PostCell.swift */; };
		F63520191E708A1300F7EEAD /* AppDelegate.swift in Sources */ = {isa = PBXBuildFile; fileRef = F63520181E708A1300F7EEAD /* AppDelegate.swift */; };
		F635201B1E708A1300F7EEAD /* SignInVC.swift in Sources */ = {isa = PBXBuildFile; fileRef = F635201A1E708A1300F7EEAD /* SignInVC.swift */; };
		F635201E1E708A1300F7EEAD /* Main.storyboard in Resources */ = {isa = PBXBuildFile; fileRef = F635201C1E708A1300F7EEAD /* Main.storyboard */; };
		F63520201E708A1300F7EEAD /* Assets.xcassets in Resources */ = {isa = PBXBuildFile; fileRef = F635201F1E708A1300F7EEAD /* Assets.xcassets */; };
		F63520231E708A1300F7EEAD /* LaunchScreen.storyboard in Resources */ = {isa = PBXBuildFile; fileRef = F63520211E708A1300F7EEAD /* LaunchScreen.storyboard */; };
		F635202B1E708AC000F7EEAD /* GoogleService-Info.plist in Resources */ = {isa = PBXBuildFile; fileRef = F635202A1E708AC000F7EEAD /* GoogleService-Info.plist */; };
		F63520301E71CC6500F7EEAD /* FancyView.swift in Sources */ = {isa = PBXBuildFile; fileRef = F635202F1E71CC6500F7EEAD /* FancyView.swift */; };
		F63520331E71CCF700F7EEAD /* Constants.swift in Sources */ = {isa = PBXBuildFile; fileRef = F63520321E71CCF700F7EEAD /* Constants.swift */; };
		F63520351E71CECE00F7EEAD /* RoundedBtn.swift in Sources */ = {isa = PBXBuildFile; fileRef = F63520341E71CECE00F7EEAD /* RoundedBtn.swift */; };
		F63520371E71D0B500F7EEAD /* FancyField.swift in Sources */ = {isa = PBXBuildFile; fileRef = F63520361E71D0B500F7EEAD /* FancyField.swift */; };
		F63520391E71D22200F7EEAD /* FancyBtn.swift in Sources */ = {isa = PBXBuildFile; fileRef = F63520381E71D22200F7EEAD /* FancyBtn.swift */; };
		F63FFFA11E74069000BCB0C5 /* FeedVC.swift in Sources */ = {isa = PBXBuildFile; fileRef = F63FFFA01E74069000BCB0C5 /* FeedVC.swift */; };
		F6628F651E753FA000EEE091 /* DataService.swift in Sources */ = {isa = PBXBuildFile; fileRef = F6628F641E753FA000EEE091 /* DataService.swift */; };
		F6628F671E755E6700EEE091 /* Post.swift in Sources */ = {isa = PBXBuildFile; fileRef = F6628F661E755E6700EEE091 /* Post.swift */; };
		F6BD79EB1E7465CD000B404A /* Circleimage.swift in Sources */ = {isa = PBXBuildFile; fileRef = F6BD79EA1E7465CD000B404A /* Circleimage.swift */; };
/* End PBXBuildFile section */

/* Begin PBXFileReference section */
		02B978037EC9B196621A3795 /* Pods-Social Media App.debug.xcconfig */ = {isa = PBXFileReference; includeInIndex = 1; lastKnownFileType = text.xcconfig; name = "Pods-Social Media App.debug.xcconfig"; path = "Pods/Target Support Files/Pods-Social Media App/Pods-Social Media App.debug.xcconfig"; sourceTree = "<group>"; };
		8BC66CD725CD74D7E054FFC0 /* Pods_Social_Media_App.framework */ = {isa = PBXFileReference; explicitFileType = wrapper.framework; includeInIndex = 0; path = Pods_Social_Media_App.framework; sourceTree = BUILT_PRODUCTS_DIR; };
		F60A24591E747EC80096918A /* PostCell.swift */ = {isa = PBXFileReference; fileEncoding = 4; lastKnownFileType = sourcecode.swift; path = PostCell.swift; sourceTree = "<group>"; };
		F6246EC01E732DDB00D60765 /* Social Media App.entitlements */ = {isa = PBXFileReference; lastKnownFileType = text.plist.entitlements; path = "Social Media App.entitlements"; sourceTree = "<group>"; };
		F63520151E708A1300F7EEAD /* Social Media App.app */ = {isa = PBXFileReference; explicitFileType = wrapper.application; includeInIndex = 0; path = "Social Media App.app"; sourceTree = BUILT_PRODUCTS_DIR; };
		F63520181E708A1300F7EEAD /* AppDelegate.swift */ = {isa = PBXFileReference; lastKnownFileType = sourcecode.swift; path = AppDelegate.swift; sourceTree = "<group>"; };
		F635201A1E708A1300F7EEAD /* SignInVC.swift */ = {isa = PBXFileReference; lastKnownFileType = sourcecode.swift; path = SignInVC.swift; sourceTree = "<group>"; };
		F635201D1E708A1300F7EEAD /* Base */ = {isa = PBXFileReference; lastKnownFileType = file.storyboard; name = Base; path = Base.lproj/Main.storyboard; sourceTree = "<group>"; };
		F635201F1E708A1300F7EEAD /* Assets.xcassets */ = {isa = PBXFileReference; lastKnownFileType = folder.assetcatalog; path = Assets.xcassets; sourceTree = "<group>"; };
		F63520221E708A1300F7EEAD /* Base */ = {isa = PBXFileReference; lastKnownFileType = file.storyboard; name = Base; path = Base.lproj/LaunchScreen.storyboard; sourceTree = "<group>"; };
		F63520241E708A1300F7EEAD /* Info.plist */ = {isa = PBXFileReference; lastKnownFileType = text.plist.xml; path = Info.plist; sourceTree = "<group>"; };
		F635202A1E708AC000F7EEAD /* GoogleService-Info.plist */ = {isa = PBXFileReference; fileEncoding = 4; lastKnownFileType = text.plist.xml; path = "GoogleService-Info.plist"; sourceTree = "<group>"; };
		F635202F1E71CC6500F7EEAD /* FancyView.swift */ = {isa = PBXFileReference; fileEncoding = 4; lastKnownFileType = sourcecode.swift; path = FancyView.swift; sourceTree = "<group>"; };
		F63520321E71CCF700F7EEAD /* Constants.swift */ = {isa = PBXFileReference; fileEncoding = 4; lastKnownFileType = sourcecode.swift; path = Constants.swift; sourceTree = "<group>"; };
		F63520341E71CECE00F7EEAD /* RoundedBtn.swift */ = {isa = PBXFileReference; fileEncoding = 4; lastKnownFileType = sourcecode.swift; path = RoundedBtn.swift; sourceTree = "<group>"; };
		F63520361E71D0B500F7EEAD /* FancyField.swift */ = {isa = PBXFileReference; fileEncoding = 4; lastKnownFileType = sourcecode.swift; path = FancyField.swift; sourceTree = "<group>"; };
		F63520381E71D22200F7EEAD /* FancyBtn.swift */ = {isa = PBXFileReference; fileEncoding = 4; lastKnownFileType = sourcecode.swift; path = FancyBtn.swift; sourceTree = "<group>"; };
		F63FFFA01E74069000BCB0C5 /* FeedVC.swift */ = {isa = PBXFileReference; fileEncoding = 4; lastKnownFileType = sourcecode.swift; path = FeedVC.swift; sourceTree = "<group>"; };
		F6628F641E753FA000EEE091 /* DataService.swift */ = {isa = PBXFileReference; fileEncoding = 4; lastKnownFileType = sourcecode.swift; path = DataService.swift; sourceTree = "<group>"; };
		F6628F661E755E6700EEE091 /* Post.swift */ = {isa = PBXFileReference; fileEncoding = 4; lastKnownFileType = sourcecode.swift; path = Post.swift; sourceTree = "<group>"; };
		F6BD79EA1E7465CD000B404A /* Circleimage.swift */ = {isa = PBXFileReference; fileEncoding = 4; lastKnownFileType = sourcecode.swift; path = Circleimage.swift; sourceTree = "<group>"; };
		FD436206C086F3D07823E4F2 /* Pods-Social Media App.release.xcconfig */ = {isa = PBXFileReference; includeInIndex = 1; lastKnownFileType = text.xcconfig; name = "Pods-Social Media App.release.xcconfig"; path = "Pods/Target Support Files/Pods-Social Media App/Pods-Social Media App.release.xcconfig"; sourceTree = "<group>"; };
/* End PBXFileReference section */

/* Begin PBXFrameworksBuildPhase section */
		F63520121E708A1300F7EEAD /* Frameworks */ = {
			isa = PBXFrameworksBuildPhase;
			buildActionMask = 2147483647;
			files = (
				06A78FD3F2F1FE7DC153EB7D /* Pods_Social_Media_App.framework in Frameworks */,
			);
			runOnlyForDeploymentPostprocessing = 0;
		};
/* End PBXFrameworksBuildPhase section */

/* Begin PBXGroup section */
		43FF89E00C465B6358E31052 /* Pods */ = {
			isa = PBXGroup;
			children = (
				02B978037EC9B196621A3795 /* Pods-Social Media App.debug.xcconfig */,
				FD436206C086F3D07823E4F2 /* Pods-Social Media App.release.xcconfig */,
			);
			name = Pods;
			sourceTree = "<group>";
		};
		DB1C2988840C388C9A86F84E /* Frameworks */ = {
			isa = PBXGroup;
			children = (
				8BC66CD725CD74D7E054FFC0 /* Pods_Social_Media_App.framework */,
			);
			name = Frameworks;
			sourceTree = "<group>";
		};
		F635200C1E708A1300F7EEAD = {
			isa = PBXGroup;
			children = (
				F63520171E708A1300F7EEAD /* Social Media App */,
				F63520161E708A1300F7EEAD /* Products */,
				43FF89E00C465B6358E31052 /* Pods */,
				DB1C2988840C388C9A86F84E /* Frameworks */,
			);
			sourceTree = "<group>";
		};
		F63520161E708A1300F7EEAD /* Products */ = {
			isa = PBXGroup;
			children = (
				F63520151E708A1300F7EEAD /* Social Media App.app */,
			);
			name = Products;
			sourceTree = "<group>";
		};
		F63520171E708A1300F7EEAD /* Social Media App */ = {
			isa = PBXGroup;
			children = (
				F6628F631E753F7D00EEE091 /* Services */,
				F6246EC01E732DDB00D60765 /* Social Media App.entitlements */,
				F63520311E71CCE600F7EEAD /* Util */,
				F635202E1E708CBC00F7EEAD /* Controller */,
				F635202D1E708CB800F7EEAD /* View */,
				F635202C1E708CB100F7EEAD /* Model */,
				F63520181E708A1300F7EEAD /* AppDelegate.swift */,
				F635201C1E708A1300F7EEAD /* Main.storyboard */,
				F635201F1E708A1300F7EEAD /* Assets.xcassets */,
				F635202A1E708AC000F7EEAD /* GoogleService-Info.plist */,
				F63520211E708A1300F7EEAD /* LaunchScreen.storyboard */,
				F63520241E708A1300F7EEAD /* Info.plist */,
			);
			path = "Social Media App";
			sourceTree = "<group>";
		};
		F635202C1E708CB100F7EEAD /* Model */ = {
			isa = PBXGroup;
			children = (
				F6628F661E755E6700EEE091 /* Post.swift */,
			);
			name = Model;
			sourceTree = "<group>";
		};
		F635202D1E708CB800F7EEAD /* View */ = {
			isa = PBXGroup;
			children = (
				F635202F1E71CC6500F7EEAD /* FancyView.swift */,
				F63520341E71CECE00F7EEAD /* RoundedBtn.swift */,
				F63520361E71D0B500F7EEAD /* FancyField.swift */,
				F63520381E71D22200F7EEAD /* FancyBtn.swift */,
				F6BD79EA1E7465CD000B404A /* Circleimage.swift */,
			);
			name = View;
			sourceTree = "<group>";
		};
		F635202E1E708CBC00F7EEAD /* Controller */ = {
			isa = PBXGroup;
			children = (
				F635201A1E708A1300F7EEAD /* SignInVC.swift */,
				F63FFFA01E74069000BCB0C5 /* FeedVC.swift */,
				F60A24591E747EC80096918A /* PostCell.swift */,
			);
			name = Controller;
			sourceTree = "<group>";
		};
		F63520311E71CCE600F7EEAD /* Util */ = {
			isa = PBXGroup;
			children = (
				F63520321E71CCF700F7EEAD /* Constants.swift */,
			);
			name = Util;
			sourceTree = "<group>";
		};
		F6628F631E753F7D00EEE091 /* Services */ = {
			isa = PBXGroup;
			children = (
				F6628F641E753FA000EEE091 /* DataService.swift */,
			);
			name = Services;
			sourceTree = "<group>";
		};
/* End PBXGroup section */

/* Begin PBXNativeTarget section */
		F63520141E708A1300F7EEAD /* Social Media App */ = {
			isa = PBXNativeTarget;
			buildConfigurationList = F63520271E708A1300F7EEAD /* Build configuration list for PBXNativeTarget "Social Media App" */;
			buildPhases = (
				C161CB5F67A0BC873833B1D7 /* [CP] Check Pods Manifest.lock */,
				F63520111E708A1300F7EEAD /* Sources */,
				F63520121E708A1300F7EEAD /* Frameworks */,
				F63520131E708A1300F7EEAD /* Resources */,
				05839043CAA8721C549BF418 /* [CP] Embed Pods Frameworks */,
				3A7F431E1564B54D936C135E /* [CP] Copy Pods Resources */,
			);
			buildRules = (
			);
			dependencies = (
			);
			name = "Social Media App";
			productName = "Social Media App";
			productReference = F63520151E708A1300F7EEAD /* Social Media App.app */;
			productType = "com.apple.product-type.application";
		};
/* End PBXNativeTarget section */

/* Begin PBXProject section */
		F635200D1E708A1300F7EEAD /* Project object */ = {
			isa = PBXProject;
			attributes = {
				LastSwiftUpdateCheck = 0820;
				LastUpgradeCheck = 0820;
				ORGANIZATIONNAME = SarTekh;
				TargetAttributes = {
					F63520141E708A1300F7EEAD = {
						CreatedOnToolsVersion = 8.2.1;
						DevelopmentTeam = 6S2P992SW6;
						ProvisioningStyle = Automatic;
						SystemCapabilities = {
							com.apple.Keychain = {
								enabled = 1;
							};
						};
					};
				};
			};
			buildConfigurationList = F63520101E708A1300F7EEAD /* Build configuration list for PBXProject "Social Media App" */;
			compatibilityVersion = "Xcode 3.2";
			developmentRegion = English;
			hasScannedForEncodings = 0;
			knownRegions = (
				en,
				Base,
			);
			mainGroup = F635200C1E708A1300F7EEAD;
			productRefGroup = F63520161E708A1300F7EEAD /* Products */;
			projectDirPath = "";
			projectRoot = "";
			targets = (
				F63520141E708A1300F7EEAD /* Social Media App */,
			);
		};
/* End PBXProject section */

/* Begin PBXResourcesBuildPhase section */
		F63520131E708A1300F7EEAD /* Resources */ = {
			isa = PBXResourcesBuildPhase;
			buildActionMask = 2147483647;
			files = (
				F635202B1E708AC000F7EEAD /* GoogleService-Info.plist in Resources */,
				F63520231E708A1300F7EEAD /* LaunchScreen.storyboard in Resources */,
				F63520201E708A1300F7EEAD /* Assets.xcassets in Resources */,
				F635201E1E708A1300F7EEAD /* Main.storyboard in Resources */,
			);
			runOnlyForDeploymentPostprocessing = 0;
		};
/* End PBXResourcesBuildPhase section */

/* Begin PBXShellScriptBuildPhase section */
		05839043CAA8721C549BF418 /* [CP] Embed Pods Frameworks */ = {
			isa = PBXShellScriptBuildPhase;
			buildActionMask = 2147483647;
			files = (
			);
			inputPaths = (
			);
			name = "[CP] Embed Pods Frameworks";
			outputPaths = (
			);
			runOnlyForDeploymentPostprocessing = 0;
			shellPath = /bin/sh;
			shellScript = "\"${SRCROOT}/Pods/Target Support Files/Pods-Social Media App/Pods-Social Media App-frameworks.sh\"\n";
			showEnvVarsInLog = 0;
		};
		3A7F431E1564B54D936C135E /* [CP] Copy Pods Resources */ = {
			isa = PBXShellScriptBuildPhase;
			buildActionMask = 2147483647;
			files = (
			);
			inputPaths = (
			);
			name = "[CP] Copy Pods Resources";
			outputPaths = (
			);
			runOnlyForDeploymentPostprocessing = 0;
			shellPath = /bin/sh;
			shellScript = "\"${SRCROOT}/Pods/Target Support Files/Pods-Social Media App/Pods-Social Media App-resources.sh\"\n";
			showEnvVarsInLog = 0;
		};
		C161CB5F67A0BC873833B1D7 /* [CP] Check Pods Manifest.lock */ = {
			isa = PBXShellScriptBuildPhase;
			buildActionMask = 2147483647;
			files = (
			);
			inputPaths = (
			);
			name = "[CP] Check Pods Manifest.lock";
			outputPaths = (
			);
			runOnlyForDeploymentPostprocessing = 0;
			shellPath = /bin/sh;
			shellScript = "diff \"${PODS_ROOT}/../Podfile.lock\" \"${PODS_ROOT}/Manifest.lock\" > /dev/null\nif [ $? != 0 ] ; then\n    # print error to STDERR\n    echo \"error: The sandbox is not in sync with the Podfile.lock. Run 'pod install' or update your CocoaPods installation.\" >&2\n    exit 1\nfi\n";
			showEnvVarsInLog = 0;
		};
/* End PBXShellScriptBuildPhase section */

/* Begin PBXSourcesBuildPhase section */
		F63520111E708A1300F7EEAD /* Sources */ = {
			isa = PBXSourcesBuildPhase;
			buildActionMask = 2147483647;
			files = (
				F63520371E71D0B500F7EEAD /* FancyField.swift in Sources */,
				F63520301E71CC6500F7EEAD /* FancyView.swift in Sources */,
				F635201B1E708A1300F7EEAD /* SignInVC.swift in Sources */,
				F6628F671E755E6700EEE091 /* Post.swift in Sources */,
				F63520351E71CECE00F7EEAD /* RoundedBtn.swift in Sources */,
				F63FFFA11E74069000BCB0C5 /* FeedVC.swift in Sources */,
				F6628F651E753FA000EEE091 /* DataService.swift in Sources */,
				F63520191E708A1300F7EEAD /* AppDelegate.swift in Sources */,
				F63520331E71CCF700F7EEAD /* Constants.swift in Sources */,
				F63520391E71D22200F7EEAD /* FancyBtn.swift in Sources */,
				F6BD79EB1E7465CD000B404A /* Circleimage.swift in Sources */,
				F60A245A1E747EC80096918A /* PostCell.swift in Sources */,
			);
			runOnlyForDeploymentPostprocessing = 0;
		};
/* End PBXSourcesBuildPhase section */

/* Begin PBXVariantGroup section */
		F635201C1E708A1300F7EEAD /* Main.storyboard */ = {
			isa = PBXVariantGroup;
			children = (
				F635201D1E708A1300F7EEAD /* Base */,
			);
			name = Main.storyboard;
			sourceTree = "<group>";
		};
		F63520211E708A1300F7EEAD /* LaunchScreen.storyboard */ = {
			isa = PBXVariantGroup;
			children = (
				F63520221E708A1300F7EEAD /* Base */,
			);
			name = LaunchScreen.storyboard;
			sourceTree = "<group>";
		};
/* End PBXVariantGroup section */

/* Begin XCBuildConfiguration section */
		F63520251E708A1300F7EEAD /* Debug */ = {
			isa = XCBuildConfiguration;
			buildSettings = {
				ALWAYS_SEARCH_USER_PATHS = NO;
				CLANG_ANALYZER_NONNULL = YES;
				CLANG_CXX_LANGUAGE_STANDARD = "gnu++0x";
				CLANG_CXX_LIBRARY = "libc++";
				CLANG_ENABLE_MODULES = YES;
				CLANG_ENABLE_OBJC_ARC = YES;
				CLANG_WARN_BOOL_CONVERSION = YES;
				CLANG_WARN_CONSTANT_CONVERSION = YES;
				CLANG_WARN_DIRECT_OBJC_ISA_USAGE = YES_ERROR;
				CLANG_WARN_DOCUMENTATION_COMMENTS = YES;
				CLANG_WARN_EMPTY_BODY = YES;
				CLANG_WARN_ENUM_CONVERSION = YES;
				CLANG_WARN_INFINITE_RECURSION = YES;
				CLANG_WARN_INT_CONVERSION = YES;
				CLANG_WARN_OBJC_ROOT_CLASS = YES_ERROR;
				CLANG_WARN_SUSPICIOUS_MOVE = YES;
				CLANG_WARN_UNREACHABLE_CODE = YES;
				CLANG_WARN__DUPLICATE_METHOD_MATCH = YES;
				"CODE_SIGN_IDENTITY[sdk=iphoneos*]" = "iPhone Developer";
				COPY_PHASE_STRIP = NO;
				DEBUG_INFORMATION_FORMAT = dwarf;
				ENABLE_STRICT_OBJC_MSGSEND = YES;
				ENABLE_TESTABILITY = YES;
				GCC_C_LANGUAGE_STANDARD = gnu99;
				GCC_DYNAMIC_NO_PIC = NO;
				GCC_NO_COMMON_BLOCKS = YES;
				GCC_OPTIMIZATION_LEVEL = 0;
				GCC_PREPROCESSOR_DEFINITIONS = (
					"DEBUG=1",
					"$(inherited)",
				);
				GCC_WARN_64_TO_32_BIT_CONVERSION = YES;
				GCC_WARN_ABOUT_RETURN_TYPE = YES_ERROR;
				GCC_WARN_UNDECLARED_SELECTOR = YES;
				GCC_WARN_UNINITIALIZED_AUTOS = YES_AGGRESSIVE;
				GCC_WARN_UNUSED_FUNCTION = YES;
				GCC_WARN_UNUSED_VARIABLE = YES;
				IPHONEOS_DEPLOYMENT_TARGET = 10.2;
				MTL_ENABLE_DEBUG_INFO = YES;
				ONLY_ACTIVE_ARCH = YES;
				SDKROOT = iphoneos;
				SWIFT_ACTIVE_COMPILATION_CONDITIONS = DEBUG;
				SWIFT_OPTIMIZATION_LEVEL = "-Onone";
			};
			name = Debug;
		};
		F63520261E708A1300F7EEAD /* Release */ = {
			isa = XCBuildConfiguration;
			buildSettings = {
				ALWAYS_SEARCH_USER_PATHS = NO;
				CLANG_ANALYZER_NONNULL = YES;
				CLANG_CXX_LANGUAGE_STANDARD = "gnu++0x";
				CLANG_CXX_LIBRARY = "libc++";
				CLANG_ENABLE_MODULES = YES;
				CLANG_ENABLE_OBJC_ARC = YES;
				CLANG_WARN_BOOL_CONVERSION = YES;
				CLANG_WARN_CONSTANT_CONVERSION = YES;
				CLANG_WARN_DIRECT_OBJC_ISA_USAGE = YES_ERROR;
				CLANG_WARN_DOCUMENTATION_COMMENTS = YES;
				CLANG_WARN_EMPTY_BODY = YES;
				CLANG_WARN_ENUM_CONVERSION = YES;
				CLANG_WARN_INFINITE_RECURSION = YES;
				CLANG_WARN_INT_CONVERSION = YES;
				CLANG_WARN_OBJC_ROOT_CLASS = YES_ERROR;
				CLANG_WARN_SUSPICIOUS_MOVE = YES;
				CLANG_WARN_UNREACHABLE_CODE = YES;
				CLANG_WARN__DUPLICATE_METHOD_MATCH = YES;
				"CODE_SIGN_IDENTITY[sdk=iphoneos*]" = "iPhone Developer";
				COPY_PHASE_STRIP = NO;
				DEBUG_INFORMATION_FORMAT = "dwarf-with-dsym";
				ENABLE_NS_ASSERTIONS = NO;
				ENABLE_STRICT_OBJC_MSGSEND = YES;
				GCC_C_LANGUAGE_STANDARD = gnu99;
				GCC_NO_COMMON_BLOCKS = YES;
				GCC_WARN_64_TO_32_BIT_CONVERSION = YES;
				GCC_WARN_ABOUT_RETURN_TYPE = YES_ERROR;
				GCC_WARN_UNDECLARED_SELECTOR = YES;
				GCC_WARN_UNINITIALIZED_AUTOS = YES_AGGRESSIVE;
				GCC_WARN_UNUSED_FUNCTION = YES;
				GCC_WARN_UNUSED_VARIABLE = YES;
				IPHONEOS_DEPLOYMENT_TARGET = 10.2;
				MTL_ENABLE_DEBUG_INFO = NO;
				SDKROOT = iphoneos;
				SWIFT_OPTIMIZATION_LEVEL = "-Owholemodule";
				VALIDATE_PRODUCT = YES;
			};
			name = Release;
		};
		F63520281E708A1300F7EEAD /* Debug */ = {
			isa = XCBuildConfiguration;
			baseConfigurationReference = 02B978037EC9B196621A3795 /* Pods-Social Media App.debug.xcconfig */;
			buildSettings = {
				ASSETCATALOG_COMPILER_APPICON_NAME = AppIcon;
				CODE_SIGN_ENTITLEMENTS = "Social Media App/Social Media App.entitlements";
				DEVELOPMENT_TEAM = 6S2P992SW6;
				INFOPLIST_FILE = "Social Media App/Info.plist";
				LD_RUNPATH_SEARCH_PATHS = "$(inherited) @executable_path/Frameworks";
				PRODUCT_BUNDLE_IDENTIFIER = "com.SarTekh.Social-Media-App";
				PRODUCT_NAME = "$(TARGET_NAME)";
				SWIFT_VERSION = 3.0;
			};
			name = Debug;
		};
		F63520291E708A1300F7EEAD /* Release */ = {
			isa = XCBuildConfiguration;
			baseConfigurationReference = FD436206C086F3D07823E4F2 /* Pods-Social Media App.release.xcconfig */;
			buildSettings = {
				ASSETCATALOG_COMPILER_APPICON_NAME = AppIcon;
				CODE_SIGN_ENTITLEMENTS = "Social Media App/Social Media App.entitlements";
				DEVELOPMENT_TEAM = 6S2P992SW6;
				INFOPLIST_FILE = "Social Media App/Info.plist";
				LD_RUNPATH_SEARCH_PATHS = "$(inherited) @executable_path/Frameworks";
				PRODUCT_BUNDLE_IDENTIFIER = "com.SarTekh.Social-Media-App";
				PRODUCT_NAME = "$(TARGET_NAME)";
				SWIFT_VERSION = 3.0;
			};
			name = Release;
		};
/* End XCBuildConfiguration section */

/* Begin XCConfigurationList section */
		F63520101E708A1300F7EEAD /* Build configuration list for PBXProject "Social Media App" */ = {
			isa = XCConfigurationList;
			buildConfigurations = (
				F63520251E708A1300F7EEAD /* Debug */,
				F63520261E708A1300F7EEAD /* Release */,
			);
			defaultConfigurationIsVisible = 0;
			defaultConfigurationName = Release;
		};
		F63520271E708A1300F7EEAD /* Build configuration list for PBXNativeTarget "Social Media App" */ = {
			isa = XCConfigurationList;
			buildConfigurations = (
				F63520281E708A1300F7EEAD /* Debug */,
				F63520291E708A1300F7EEAD /* Release */,
			);
			defaultConfigurationIsVisible = 0;
			defaultConfigurationName = Release;
		};
/* End XCConfigurationList section */
	};
	rootObject = F635200D1E708A1300F7EEAD /* Project object */;
}
